{
  "name": "feui",
  "version": "0.6.0",
  "lockfileVersion": 1,
  "requires": true,
  "dependencies": {
    "camelcase": {
      "version": "4.1.0",
      "resolved": "https://registry.npmjs.org/camelcase/-/camelcase-4.1.0.tgz",
      "integrity": "sha1-1UVjW+HjPFQmScaRc+Xeas+uNN0=",
      "dev": true
    },
    "uppercamelcase": {
      "version": "3.0.0",
      "resolved": "https://registry.npmjs.org/uppercamelcase/-/uppercamelcase-3.0.0.tgz",
      "integrity": "sha1-OAsyG41zy6Fv7E11KldRUtHvcxc=",
      "dev": true,
      "requires": {
        "camelcase": "4.1.0"
      }
    }
  }
}
